// !$*UTF8*$!
{
	archiveVersion = 1;
	classes = {
	};
	objectVersion = 46;
	objects = {

/* Begin PBXBuildFile section */
		504A96061B4AD2BE0047E065 /* BoardGame.m in Sources */ = {isa = PBXBuildFile; fileRef = 504A96051B4AD2BE0047E065 /* BoardGame.m */; };
		504A96091B4AD2CF0047E065 /* Player.m in Sources */ = {isa = PBXBuildFile; fileRef = 504A96081B4AD2CF0047E065 /* Player.m */; };
		504A96161B4B345C0047E065 /* Cell.m in Sources */ = {isa = PBXBuildFile; fileRef = 504A96151B4B345C0047E065 /* Cell.m */; };
		504A961C1B4B40060047E065 /* NSMutableArray+Shuffle.m in Sources */ = {isa = PBXBuildFile; fileRef = 504A961B1B4B40060047E065 /* NSMutableArray+Shuffle.m */; };
		50717C3D1B4AB71B00051940 /* main.m in Sources */ = {isa = PBXBuildFile; fileRef = 50717C3C1B4AB71B00051940 /* main.m */; };
/* End PBXBuildFile section */

/* Begin PBXCopyFilesBuildPhase section */
		50717C371B4AB71B00051940 /* CopyFiles */ = {
			isa = PBXCopyFilesBuildPhase;
			buildActionMask = 2147483647;
			dstPath = /usr/share/man/man1/;
			dstSubfolderSpec = 0;
			files = (
			);
			runOnlyForDeploymentPostprocessing = 1;
		};
/* End PBXCopyFilesBuildPhase section */

/* Begin PBXFileReference section */
		504A96041B4AD2BE0047E065 /* BoardGame.h */ = {isa = PBXFileReference; fileEncoding = 4; lastKnownFileType = sourcecode.c.h; path = BoardGame.h; sourceTree = "<group>"; };
		504A96051B4AD2BE0047E065 /* BoardGame.m */ = {isa = PBXFileReference; fileEncoding = 4; lastKnownFileType = sourcecode.c.objc; path = BoardGame.m; sourceTree = "<group>"; };
		504A96071B4AD2CF0047E065 /* Player.h */ = {isa = PBXFileReference; fileEncoding = 4; lastKnownFileType = sourcecode.c.h; path = Player.h; sourceTree = "<group>"; };
		504A96081B4AD2CF0047E065 /* Player.m */ = {isa = PBXFileReference; fileEncoding = 4; lastKnownFileType = sourcecode.c.objc; path = Player.m; sourceTree = "<group>"; };
		504A96141B4B345C0047E065 /* Cell.h */ = {isa = PBXFileReference; fileEncoding = 4; lastKnownFileType = sourcecode.c.h; path = Cell.h; sourceTree = "<group>"; };
		504A96151B4B345C0047E065 /* Cell.m */ = {isa = PBXFileReference; fileEncoding = 4; lastKnownFileType = sourcecode.c.objc; path = Cell.m; sourceTree = "<group>"; };
		504A961A1B4B40060047E065 /* NSMutableArray+Shuffle.h */ = {isa = PBXFileReference; fileEncoding = 4; lastKnownFileType = sourcecode.c.h; name = "NSMutableArray+Shuffle.h"; path = "../NSMutableArray+Shuffle.h"; sourceTree = "<group>"; };
		504A961B1B4B40060047E065 /* NSMutableArray+Shuffle.m */ = {isa = PBXFileReference; fileEncoding = 4; lastKnownFileType = sourcecode.c.objc; name = "NSMutableArray+Shuffle.m"; path = "../NSMutableArray+Shuffle.m"; sourceTree = "<group>"; };
		50717C391B4AB71B00051940 /* SnakesLadders */ = {isa = PBXFileReference; explicitFileType = "compiled.mach-o.executable"; includeInIndex = 0; path = SnakesLadders; sourceTree = BUILT_PRODUCTS_DIR; };
		50717C3C1B4AB71B00051940 /* main.m */ = {isa = PBXFileReference; lastKnownFileType = sourcecode.c.objc; path = main.m; sourceTree = "<group>"; };
/* End PBXFileReference section */

/* Begin PBXFrameworksBuildPhase section */
		50717C361B4AB71B00051940 /* Frameworks */ = {
			isa = PBXFrameworksBuildPhase;
			buildActionMask = 2147483647;
			files = (
			);
			runOnlyForDeploymentPostprocessing = 0;
		};
/* End PBXFrameworksBuildPhase section */

/* Begin PBXGroup section */
		50717C301B4AB71B00051940 = {
			isa = PBXGroup;
			children = (
				50717C3B1B4AB71B00051940 /* SnakesLadders */,
				50717C3A1B4AB71B00051940 /* Products */,
			);
			sourceTree = "<group>";
		};
		50717C3A1B4AB71B00051940 /* Products */ = {
			isa = PBXGroup;
			children = (
				50717C391B4AB71B00051940 /* SnakesLadders */,
			);
			name = Products;
			sourceTree = "<group>";
		};
		50717C3B1B4AB71B00051940 /* SnakesLadders */ = {
			isa = PBXGroup;
			children = (
				50717C3C1B4AB71B00051940 /* main.m */,
				504A96041B4AD2BE0047E065 /* BoardGame.h */,
				504A96051B4AD2BE0047E065 /* BoardGame.m */,
				504A96141B4B345C0047E065 /* Cell.h */,
				504A96151B4B345C0047E065 /* Cell.m */,
				504A961A1B4B40060047E065 /* NSMutableArray+Shuffle.h */,
				504A961B1B4B40060047E065 /* NSMutableArray+Shuffle.m */,
				504A96071B4AD2CF0047E065 /* Player.h */,
				504A96081B4AD2CF0047E065 /* Player.m */,
			);
			path = SnakesLadders;
			sourceTree = "<group>";
		};
/* End PBXGroup section */

/* Begin PBXNativeTarget section */
		50717C381B4AB71B00051940 /* SnakesLadders */ = {
			isa = PBXNativeTarget;
			buildConfigurationList = 50717C401B4AB71B00051940 /* Build configuration list for PBXNativeTarget "SnakesLadders" */;
			buildPhases = (
				50717C351B4AB71B00051940 /* Sources */,
				50717C361B4AB71B00051940 /* Frameworks */,
				50717C371B4AB71B00051940 /* CopyFiles */,
			);
			buildRules = (
			);
			dependencies = (
			);
			name = SnakesLadders;
			productName = SnakesLadders;
			productReference = 50717C391B4AB71B00051940 /* SnakesLadders */;
			productType = "com.apple.product-type.tool";
		};
/* End PBXNativeTarget section */

/* Begin PBXProject section */
		50717C311B4AB71B00051940 /* Project object */ = {
			isa = PBXProject;
			attributes = {
				LastUpgradeCheck = 0630;
				ORGANIZATIONNAME = ASolo;
				TargetAttributes = {
					50717C381B4AB71B00051940 = {
						CreatedOnToolsVersion = 6.3.2;
					};
				};
			};
			buildConfigurationList = 50717C341B4AB71B00051940 /* Build configuration list for PBXProject "SnakesLadders" */;
			compatibilityVersion = "Xcode 3.2";
			developmentRegion = English;
			hasScannedForEncodings = 0;
			knownRegions = (
				en,
			);
			mainGroup = 50717C301B4AB71B00051940;
			productRefGroup = 50717C3A1B4AB71B00051940 /* Products */;
			projectDirPath = "";
			projectRoot = "";
			targets = (
				50717C381B4AB71B00051940 /* SnakesLadders */,
			);
		};
/* End PBXProject section */

/* Begin PBXSourcesBuildPhase section */
		50717C351B4AB71B00051940 /* Sources */ = {
			isa = PBXSourcesBuildPhase;
			buildActionMask = 2147483647;
			files = (
				504A96061B4AD2BE0047E065 /* BoardGame.m in Sources */,
				504A961C1B4B40060047E065 /* NSMutableArray+Shuffle.m in Sources */,
				504A96161B4B345C0047E065 /* Cell.m in Sources */,
				504A96091B4AD2CF0047E065 /* Player.m in Sources */,
				50717C3D1B4AB71B00051940 /* main.m in Sources */,
			);
			runOnlyForDeploymentPostprocessing = 0;
		};
/* End PBXSourcesBuildPhase section */

/* Begin XCBuildConfiguration section */
		50717C3E1B4AB71B00051940 /* Debug */ = {
			isa = XCBuildConfiguration;
			buildSettings = {
				ALWAYS_SEARCH_USER_PATHS = NO;
				CLANG_CXX_LANGUAGE_STANDARD = "gnu++0x";
				CLANG_CXX_LIBRARY = "libc++";
				CLANG_ENABLE_MODULES = YES;
				CLANG_ENABLE_OBJC_ARC = YES;
				CLANG_WARN_BOOL_CONVERSION = YES;
				CLANG_WARN_CONSTANT_CONVERSION = YES;
				CLANG_WARN_DIRECT_OBJC_ISA_USAGE = YES_ERROR;
				CLANG_WARN_EMPTY_BODY = YES;
				CLANG_WARN_ENUM_CONVERSION = YES;
				CLANG_WARN_INT_CONVERSION = YES;
				CLANG_WARN_OBJC_ROOT_CLASS = YES_ERROR;
				CLANG_WARN_UNREACHABLE_CODE = YES;
				CLANG_WARN__DUPLICATE_METHOD_MATCH = YES;
				COPY_PHASE_STRIP = NO;
				DEBUG_INFORMATION_FORMAT = dwarf;
				ENABLE_STRICT_OBJC_MSGSEND = YES;
				GCC_C_LANGUAGE_STANDARD = gnu99;
				GCC_DYNAMIC_NO_PIC = NO;
				GCC_NO_COMMON_BLOCKS = YES;
				GCC_OPTIMIZATION_LEVEL = 0;
				GCC_PREPROCESSOR_DEFINITIONS = (
					"DEBUG=1",
					"$(inherited)",
				);
				GCC_SYMBOLS_PRIVATE_EXTERN = NO;
				GCC_WARN_64_TO_32_BIT_CONVERSION = YES;
				GCC_WARN_ABOUT_RETURN_TYPE = YES_ERROR;
				GCC_WARN_UNDECLARED_SELECTOR = YES;
				GCC_WARN_UNINITIALIZED_AUTOS = YES_AGGRESSIVE;
				GCC_WARN_UNUSED_FUNCTION = YES;
				GCC_WARN_UNUSED_VARIABLE = YES;
				MACOSX_DEPLOYMENT_TARGET = 10.10;
				MTL_ENABLE_DEBUG_INFO = YES;
				ONLY_ACTIVE_ARCH = YES;
				SDKROOT = macosx;
			};
			name = Debug;
		};
		50717C3F1B4AB71B00051940 /* Release */ = {
			isa = XCBuildConfiguration;
			buildSettings = {
				ALWAYS_SEARCH_USER_PATHS = NO;
				CLANG_CXX_LANGUAGE_STANDARD = "gnu++0x";
				CLANG_CXX_LIBRARY = "libc++";
				CLANG_ENABLE_MODULES = YES;
				CLANG_ENABLE_OBJC_ARC = YES;
				CLANG_WARN_BOOL_CONVERSION = YES;
				CLANG_WARN_CONSTANT_CONVERSION = YES;
				CLANG_WARN_DIRECT_OBJC_ISA_USAGE = YES_ERROR;
				CLANG_WARN_EMPTY_BODY = YES;
				CLANG_WARN_ENUM_CONVERSION = YES;
				CLANG_WARN_INT_CONVERSION = YES;
				CLANG_WARN_OBJC_ROOT_CLASS = YES_ERROR;
				CLANG_WARN_UNREACHABLE_CODE = YES;
				CLANG_WARN__DUPLICATE_METHOD_MATCH = YES;
				COPY_PHASE_STRIP = NO;
				DEBUG_INFORMATION_FORMAT = "dwarf-with-dsym";
				ENABLE_NS_ASSERTIONS = NO;
				ENABLE_STRICT_OBJC_MSGSEND = YES;
				GCC_C_LANGUAGE_STANDARD = gnu99;
				GCC_NO_COMMON_BLOCKS = YES;
				GCC_WARN_64_TO_32_BIT_CONVERSION = YES;
				GCC_WARN_ABOUT_RETURN_TYPE = YES_ERROR;
				GCC_WARN_UNDECLARED_SELECTOR = YES;
				GCC_WARN_UNINITIALIZED_AUTOS = YES_AGGRESSIVE;
				GCC_WARN_UNUSED_FUNCTION = YES;
				GCC_WARN_UNUSED_VARIABLE = YES;
				MACOSX_DEPLOYMENT_TARGET = 10.10;
				MTL_ENABLE_DEBUG_INFO = NO;
				SDKROOT = macosx;
			};
			name = Release;
		};
		50717C411B4AB71B00051940 /* Debug */ = {
			isa = XCBuildConfiguration;
			buildSettings = {
				PRODUCT_NAME = "$(TARGET_NAME)";
			};
			name = Debug;
		};
		50717C421B4AB71B00051940 /* Release */ = {
			isa = XCBuildConfiguration;
			buildSettings = {
				PRODUCT_NAME = "$(TARGET_NAME)";
			};
			name = Release;
		};
/* End XCBuildConfiguration section */

/* Begin XCConfigurationList section */
		50717C341B4AB71B00051940 /* Build configuration list for PBXProject "SnakesLadders" */ = {
			isa = XCConfigurationList;
			buildConfigurations = (
				50717C3E1B4AB71B00051940 /* Debug */,
				50717C3F1B4AB71B00051940 /* Release */,
			);
			defaultConfigurationIsVisible = 0;
			defaultConfigurationName = Release;
		};
		50717C401B4AB71B00051940 /* Build configuration list for PBXNativeTarget "SnakesLadders" */ = {
			isa = XCConfigurationList;
			buildConfigurations = (
				50717C411B4AB71B00051940 /* Debug */,
				50717C421B4AB71B00051940 /* Release */,
			);
			defaultConfigurationIsVisible = 0;
			defaultConfigurationName = Release;
		};
/* End XCConfigurationList section */
	};
	rootObject = 50717C311B4AB71B00051940 /* Project object */;
}
